
Microsoft Visual Studio Solution File, Format Version 11.00
# Visual Studio 2010
Project("{FAE04EC0-301F-11D3-BF4B-00C04F79EFBC}") = "Assembly-CSharp", "Assembly-CSharp.csproj", "{08ee3e30-71c9-6328-aa43-9381d8192046}"
EndProject
Project("{FAE04EC0-301F-11D3-BF4B-00C04F79EFBC}") = "Assembly-CSharp-Editor", "Assembly-CSharp-Editor.csproj", "{fcf8d0c8-3557-779d-582a-efe6ec4281b3}"
EndProject
Global
	GlobalSection(SolutionConfigurationPlatforms) = preSolution
		Debug|Any CPU = Debug|Any CPU
	EndGlobalSection
	GlobalSection(ProjectConfigurationPlatforms) = postSolution
		{08ee3e30-71c9-6328-aa43-9381d8192046}.Debug|Any CPU.ActiveCfg = Debug|Any CPU
		{08ee3e30-71c9-6328-aa43-9381d8192046}.Debug|Any CPU.Build.0 = Debug|Any CPU
		{fcf8d0c8-3557-779d-582a-efe6ec4281b3}.Debug|Any CPU.ActiveCfg = Debug|Any CPU
		{fcf8d0c8-3557-779d-582a-efe6ec4281b3}.Debug|Any CPU.Build.0 = Debug|Any CPU
	EndGlobalSection
	GlobalSection(SolutionProperties) = preSolution
		HideSolutionNode = FALSE
	EndGlobalSection
EndGlobal
